GEM
  remote: https://rubygems.org/
  specs:
    rice (4.12.0)
    torch-rb (0.23.1)
      rice (>= 4.8)

PLATFORMS
  ruby
  x86_64-linux

DEPENDENCIES
  torch-rb

CHECKSUMS
  rice (4.12.0) sha256=672c369ca706ff5be46695537f51e1a3db262c1b789af5b967ef477f25111dfd
  torch-rb (0.23.1) sha256=de21b951656c54581236ffdf5f0a098603a8ed77027ee4026930924b7840fea6

BUNDLED WITH
  4.0.6
