GEM
  remote: https://rubygems.org/
  specs:
    csv (3.3.5)
    rice (4.12.0)
    torch-rb (0.23.1)
      rice (>= 4.8)

PLATFORMS
  ruby
  x86_64-linux

DEPENDENCIES
  csv
  torch-rb

CHECKSUMS
  csv (3.3.5) sha256=6e5134ac3383ef728b7f02725d9872934f523cb40b961479f69cf3afa6c8e73f
  rice (4.12.0) sha256=672c369ca706ff5be46695537f51e1a3db262c1b789af5b967ef477f25111dfd
  torch-rb (0.23.1) sha256=de21b951656c54581236ffdf5f0a098603a8ed77027ee4026930924b7840fea6

BUNDLED WITH
  4.0.6
